
Microsoft Visual Studio Solution File, Format Version 12.00
# Visual Studio Version 17
VisualStudioVersion = 17.11.35327.3
MinimumVisualStudioVersion = 10.0.40219.1
Project("{FAE04EC0-301F-11D3-BF4B-00C04F79EFBC}") = "PizzaProject", "PizzaProject.csproj", "{C07CDA68-EB8E-4017-A8D2-4FFB6C7E9709}"
EndProject
Global
	GlobalSection(SolutionConfigurationPlatforms) = preSolution
		Debug|Any CPU = Debug|Any CPU
		Release|Any CPU = Release|Any CPU
	EndGlobalSection
	GlobalSection(ProjectConfigurationPlatforms) = postSolution
		{C07CDA68-EB8E-4017-A8D2-4FFB6C7E9709}.Debug|Any CPU.ActiveCfg = Debug|Any CPU
		{C07CDA68-EB8E-4017-A8D2-4FFB6C7E9709}.Debug|Any CPU.Build.0 = Debug|Any CPU
		{C07CDA68-EB8E-4017-A8D2-4FFB6C7E9709}.Release|Any CPU.ActiveCfg = Release|Any CPU
		{C07CDA68-EB8E-4017-A8D2-4FFB6C7E9709}.Release|Any CPU.Build.0 = Release|Any CPU
	EndGlobalSection
	GlobalSection(SolutionProperties) = preSolution
		HideSolutionNode = FALSE
	EndGlobalSection
	GlobalSection(ExtensibilityGlobals) = postSolution
		SolutionGuid = {CEB1171C-0D3E-4C8E-933D-A79862F15778}
	EndGlobalSection
EndGlobal
